
Microsoft Visual Studio Solution File, Format Version 12.00
# Visual Studio Version 17
VisualStudioVersion = 17.2.32505.173
MinimumVisualStudioVersion = 10.0.40219.1
Project("{FAE04EC0-301F-11D3-BF4B-00C04F79EFBC}") = "Exercicio024", "Exercicio024\Exercicio024.csproj", "{EFDA042D-251B-4E5C-81FE-69AA20F85190}"
EndProject
Global
	GlobalSection(SolutionConfigurationPlatforms) = preSolution
		Debug|Any CPU = Debug|Any CPU
		Release|Any CPU = Release|Any CPU
	EndGlobalSection
	GlobalSection(ProjectConfigurationPlatforms) = postSolution
		{EFDA042D-251B-4E5C-81FE-69AA20F85190}.Debug|Any CPU.ActiveCfg = Debug|Any CPU
		{EFDA042D-251B-4E5C-81FE-69AA20F85190}.Debug|Any CPU.Build.0 = Debug|Any CPU
		{EFDA042D-251B-4E5C-81FE-69AA20F85190}.Release|Any CPU.ActiveCfg = Release|Any CPU
		{EFDA042D-251B-4E5C-81FE-69AA20F85190}.Release|Any CPU.Build.0 = Release|Any CPU
	EndGlobalSection
	GlobalSection(SolutionProperties) = preSolution
		HideSolutionNode = FALSE
	EndGlobalSection
	GlobalSection(ExtensibilityGlobals) = postSolution
		SolutionGuid = {3192C3CD-A76C-42A9-87A6-8A81E4567955}
	EndGlobalSection
EndGlobal
