
Microsoft Visual Studio Solution File, Format Version 12.00
# Visual Studio Version 17
VisualStudioVersion = 17.1.32407.343
MinimumVisualStudioVersion = 10.0.40219.1
Project("{FAE04EC0-301F-11D3-BF4B-00C04F79EFBC}") = "Exercicio010", "Exercicio010\Exercicio010.csproj", "{C79BC0D8-D2C9-48CE-83AB-A3C089C77A3C}"
EndProject
Global
	GlobalSection(SolutionConfigurationPlatforms) = preSolution
		Debug|Any CPU = Debug|Any CPU
		Release|Any CPU = Release|Any CPU
	EndGlobalSection
	GlobalSection(ProjectConfigurationPlatforms) = postSolution
		{C79BC0D8-D2C9-48CE-83AB-A3C089C77A3C}.Debug|Any CPU.ActiveCfg = Debug|Any CPU
		{C79BC0D8-D2C9-48CE-83AB-A3C089C77A3C}.Debug|Any CPU.Build.0 = Debug|Any CPU
		{C79BC0D8-D2C9-48CE-83AB-A3C089C77A3C}.Release|Any CPU.ActiveCfg = Release|Any CPU
		{C79BC0D8-D2C9-48CE-83AB-A3C089C77A3C}.Release|Any CPU.Build.0 = Release|Any CPU
	EndGlobalSection
	GlobalSection(SolutionProperties) = preSolution
		HideSolutionNode = FALSE
	EndGlobalSection
	GlobalSection(ExtensibilityGlobals) = postSolution
		SolutionGuid = {DBDA446F-E3CC-493C-843C-C291CEEDC3E7}
	EndGlobalSection
EndGlobal
