
Microsoft Visual Studio Solution File, Format Version 12.00
# Visual Studio Version 17
VisualStudioVersion = 17.2.32505.173
MinimumVisualStudioVersion = 10.0.40219.1
Project("{FAE04EC0-301F-11D3-BF4B-00C04F79EFBC}") = "Exercicio021", "Exercicio021\Exercicio021.csproj", "{0F21BF98-45B1-40EA-A00C-56E95E5CE6CC}"
EndProject
Global
	GlobalSection(SolutionConfigurationPlatforms) = preSolution
		Debug|Any CPU = Debug|Any CPU
		Release|Any CPU = Release|Any CPU
	EndGlobalSection
	GlobalSection(ProjectConfigurationPlatforms) = postSolution
		{0F21BF98-45B1-40EA-A00C-56E95E5CE6CC}.Debug|Any CPU.ActiveCfg = Debug|Any CPU
		{0F21BF98-45B1-40EA-A00C-56E95E5CE6CC}.Debug|Any CPU.Build.0 = Debug|Any CPU
		{0F21BF98-45B1-40EA-A00C-56E95E5CE6CC}.Release|Any CPU.ActiveCfg = Release|Any CPU
		{0F21BF98-45B1-40EA-A00C-56E95E5CE6CC}.Release|Any CPU.Build.0 = Release|Any CPU
	EndGlobalSection
	GlobalSection(SolutionProperties) = preSolution
		HideSolutionNode = FALSE
	EndGlobalSection
	GlobalSection(ExtensibilityGlobals) = postSolution
		SolutionGuid = {C252D99A-C0F4-4870-9533-44A46118C107}
	EndGlobalSection
EndGlobal
