
Microsoft Visual Studio Solution File, Format Version 12.00
# Visual Studio Version 17
VisualStudioVersion = 17.1.32407.343
MinimumVisualStudioVersion = 10.0.40219.1
Project("{FAE04EC0-301F-11D3-BF4B-00C04F79EFBC}") = "Exercicio005", "Exercicio005\Exercicio005.csproj", "{719F5313-BDFD-4C0E-B593-8A7AFFD8F5E3}"
EndProject
Global
	GlobalSection(SolutionConfigurationPlatforms) = preSolution
		Debug|Any CPU = Debug|Any CPU
		Release|Any CPU = Release|Any CPU
	EndGlobalSection
	GlobalSection(ProjectConfigurationPlatforms) = postSolution
		{719F5313-BDFD-4C0E-B593-8A7AFFD8F5E3}.Debug|Any CPU.ActiveCfg = Debug|Any CPU
		{719F5313-BDFD-4C0E-B593-8A7AFFD8F5E3}.Debug|Any CPU.Build.0 = Debug|Any CPU
		{719F5313-BDFD-4C0E-B593-8A7AFFD8F5E3}.Release|Any CPU.ActiveCfg = Release|Any CPU
		{719F5313-BDFD-4C0E-B593-8A7AFFD8F5E3}.Release|Any CPU.Build.0 = Release|Any CPU
	EndGlobalSection
	GlobalSection(SolutionProperties) = preSolution
		HideSolutionNode = FALSE
	EndGlobalSection
	GlobalSection(ExtensibilityGlobals) = postSolution
		SolutionGuid = {041F2864-E59A-4D14-BB15-DDE0B576DF5F}
	EndGlobalSection
EndGlobal
